
Microsoft Visual Studio Solution File, Format Version 12.00
# Visual Studio Version 17
VisualStudioVersion = 17.7.34202.233
MinimumVisualStudioVersion = 10.0.40219.1
Project("{FAE04EC0-301F-11D3-BF4B-00C04F79EFBC}") = "ScreenSound", "ScreenSound\ScreenSound.csproj", "{24E8AA4B-7E7F-4A97-A7BF-50D4F01B3544}"
EndProject
Global
	GlobalSection(SolutionConfigurationPlatforms) = preSolution
		Debug|Any CPU = Debug|Any CPU
		Release|Any CPU = Release|Any CPU
	EndGlobalSection
	GlobalSection(ProjectConfigurationPlatforms) = postSolution
		{24E8AA4B-7E7F-4A97-A7BF-50D4F01B3544}.Debug|Any CPU.ActiveCfg = Debug|Any CPU
		{24E8AA4B-7E7F-4A97-A7BF-50D4F01B3544}.Debug|Any CPU.Build.0 = Debug|Any CPU
		{24E8AA4B-7E7F-4A97-A7BF-50D4F01B3544}.Release|Any CPU.ActiveCfg = Release|Any CPU
		{24E8AA4B-7E7F-4A97-A7BF-50D4F01B3544}.Release|Any CPU.Build.0 = Release|Any CPU
	EndGlobalSection
	GlobalSection(SolutionProperties) = preSolution
		HideSolutionNode = FALSE
	EndGlobalSection
	GlobalSection(ExtensibilityGlobals) = postSolution
		SolutionGuid = {A2A6A7FF-9781-4CA4-9919-AA2C6964AAC7}
	EndGlobalSection
EndGlobal
